
Microsoft Visual Studio Solution File, Format Version 12.00
# Visual Studio 14
VisualStudioVersion = 14.0.25420.1
MinimumVisualStudioVersion = 10.0.40219.1
Project("{FAE04EC0-301F-11D3-BF4B-00C04F79EFBC}") = "VALibrary", "VALibrary\VALibrary.csproj", "{8FFFA642-5941-4168-921A-A359CAC77B40}"
EndProject
Project("{FAE04EC0-301F-11D3-BF4B-00C04F79EFBC}") = "WorksShow", "WorksShow\WorksShow.csproj", "{70D65565-0CD4-4918-8688-9377AED7379F}"
EndProject
Project("{FAE04EC0-301F-11D3-BF4B-00C04F79EFBC}") = "VAWcfService", "VAWcfService\VAWcfService.csproj", "{B30B27E1-A673-4732-A9C2-0D1C9B747ABE}"
EndProject
Project("{FAE04EC0-301F-11D3-BF4B-00C04F79EFBC}") = "VAWebParts", "VAWebParts\VAWebParts.csproj", "{BC0BFF9F-4875-46F3-953B-61E163D21BDC}"
EndProject
Project("{FAE04EC0-301F-11D3-BF4B-00C04F79EFBC}") = "SPBranding", "SPBranding\SPBranding.csproj", "{1E7C691C-87E0-4195-AAAB-4972E66DD1C2}"
EndProject
Project("{FAE04EC0-301F-11D3-BF4B-00C04F79EFBC}") = "VAKPI", "VAKPI\VAKPI.csproj", "{BBC41611-8DE7-4142-925B-7F662BB64A32}"
EndProject
Project("{FAE04EC0-301F-11D3-BF4B-00C04F79EFBC}") = "WebPartDll", "WebPartDll\WebPartDll.csproj", "{68C7BD40-712B-4E1D-A010-0B6C5E56F5F8}"
EndProject
Project("{FAE04EC0-301F-11D3-BF4B-00C04F79EFBC}") = "VAListTree", "VAListTree\VAListTree.csproj", "{1948B469-4A78-419F-A870-CE9FA55C8F4D}"
EndProject
Project("{FAE04EC0-301F-11D3-BF4B-00C04F79EFBC}") = "CustListEvent", "CustListEvent\CustListEvent.csproj", "{BA774D84-EEBC-4801-9FBC-CFCB14D0CAD7}"
EndProject
Project("{FAE04EC0-301F-11D3-BF4B-00C04F79EFBC}") = "SendEmailByTask", "SendEmailByTask\SendEmailByTask.csproj", "{47797925-7DF4-488F-A961-C098E82C1E3E}"
EndProject
Project("{FAE04EC0-301F-11D3-BF4B-00C04F79EFBC}") = "MyTasks", "MyTasks\MyTasks.csproj", "{B97E28EE-C2F9-42EC-B873-4AEE29A2AEF2}"
EndProject
Project("{FAE04EC0-301F-11D3-BF4B-00C04F79EFBC}") = "PlantoActivity", "PlantoActivity\PlantoActivity.csproj", "{8A6B6501-D584-4F8E-B33D-AD4DA8CFF469}"
EndProject
Project("{FAE04EC0-301F-11D3-BF4B-00C04F79EFBC}") = "PowerPA", "PowerPA\PowerPA.csproj", "{5D492B00-4884-4B58-B36A-3D90BBA6C949}"
EndProject
Project("{FAE04EC0-301F-11D3-BF4B-00C04F79EFBC}") = "CustomCurrentUserField", "CustomerCurrentUserField\CustomCurrentUserField.csproj", "{08D62B51-5C51-4964-B6FA-D4C567D3DF5D}"
EndProject
Project("{FAE04EC0-301F-11D3-BF4B-00C04F79EFBC}") = "GetUserDept", "GetUserDept\GetUserDept.csproj", "{983173BA-0EA8-4A2A-8003-A352B4FBCCEA}"
EndProject
Project("{FAE04EC0-301F-11D3-BF4B-00C04F79EFBC}") = "WorksShowDll", "WorksShowDll\WorksShowDll.csproj", "{E2A4F247-1093-456E-8861-E4EB23D86AC7}"
EndProject
Project("{FAE04EC0-301F-11D3-BF4B-00C04F79EFBC}") = "VADocumentOnline", "VADocumentOnline\VADocumentOnline.csproj", "{3296337C-2C97-491E-8FA4-6BB92EF41403}"
EndProject
Project("{FAE04EC0-301F-11D3-BF4B-00C04F79EFBC}") = "LNMCM", "LNMCM\LNMCM.csproj", "{C6E01CF9-D40B-4340-9DB0-A83E469B9ED7}"
EndProject
Project("{2150E333-8FDC-42A3-9474-1A3956D46DE8}") = "Solution Items", "Solution Items", "{94693DB8-886B-4586-9700-FA7056B834D4}"
	ProjectSection(SolutionItems) = preProject
		..\VAProjects\dll\NPOI.dll = ..\VAProjects\dll\NPOI.dll
		..\VAProjects\dll\NPOI.OOXML.dll = ..\VAProjects\dll\NPOI.OOXML.dll
	EndProjectSection
EndProject
Project("{FAE04EC0-301F-11D3-BF4B-00C04F79EFBC}") = "SpWebpart", "SpWebpart\SpWebpart.csproj", "{369CA13E-04BC-4526-A99B-5358541BE7A2}"
EndProject
Project("{FAE04EC0-301F-11D3-BF4B-00C04F79EFBC}") = "SPCustomNav", "SPCustomNav\SPCustomNav.csproj", "{E44A8681-5282-427A-95B3-4838AE2BDC87}"
EndProject
Project("{FAE04EC0-301F-11D3-BF4B-00C04F79EFBC}") = "VSDLL", "VSDLL\VSDLL.csproj", "{3A25A4BA-B495-464D-B9E5-B21C112C4CF8}"
EndProject
Project("{FAE04EC0-301F-11D3-BF4B-00C04F79EFBC}") = "VSProject", "VSProject\VSProject.csproj", "{F2D3038D-B2C5-4D9A-B1E9-AA063AC1B274}"
EndProject
Project("{FAE04EC0-301F-11D3-BF4B-00C04F79EFBC}") = "CaculateActionProbability", "CaculateActionProbability\CaculateActionProbability.csproj", "{F1D840E3-2034-4241-82D0-2D1F6EFBAB19}"
EndProject
Global
	GlobalSection(SolutionConfigurationPlatforms) = preSolution
		Debug|Any CPU = Debug|Any CPU
		program|Any CPU = program|Any CPU
		Release|Any CPU = Release|Any CPU
		winform|Any CPU = winform|Any CPU
	EndGlobalSection
	GlobalSection(ProjectConfigurationPlatforms) = postSolution
		{8FFFA642-5941-4168-921A-A359CAC77B40}.Debug|Any CPU.ActiveCfg = Debug|Any CPU
		{8FFFA642-5941-4168-921A-A359CAC77B40}.Debug|Any CPU.Build.0 = Debug|Any CPU
		{8FFFA642-5941-4168-921A-A359CAC77B40}.program|Any CPU.ActiveCfg = Release|Any CPU
		{8FFFA642-5941-4168-921A-A359CAC77B40}.program|Any CPU.Build.0 = Release|Any CPU
		{8FFFA642-5941-4168-921A-A359CAC77B40}.Release|Any CPU.ActiveCfg = Release|Any CPU
		{8FFFA642-5941-4168-921A-A359CAC77B40}.Release|Any CPU.Build.0 = Release|Any CPU
		{8FFFA642-5941-4168-921A-A359CAC77B40}.winform|Any CPU.ActiveCfg = Release|Any CPU
		{8FFFA642-5941-4168-921A-A359CAC77B40}.winform|Any CPU.Build.0 = Release|Any CPU
		{70D65565-0CD4-4918-8688-9377AED7379F}.Debug|Any CPU.ActiveCfg = Debug|Any CPU
		{70D65565-0CD4-4918-8688-9377AED7379F}.Debug|Any CPU.Build.0 = Debug|Any CPU
		{70D65565-0CD4-4918-8688-9377AED7379F}.Debug|Any CPU.Deploy.0 = Debug|Any CPU
		{70D65565-0CD4-4918-8688-9377AED7379F}.program|Any CPU.ActiveCfg = Release|Any CPU
		{70D65565-0CD4-4918-8688-9377AED7379F}.program|Any CPU.Build.0 = Release|Any CPU
		{70D65565-0CD4-4918-8688-9377AED7379F}.program|Any CPU.Deploy.0 = Release|Any CPU
		{70D65565-0CD4-4918-8688-9377AED7379F}.Release|Any CPU.ActiveCfg = Release|Any CPU
		{70D65565-0CD4-4918-8688-9377AED7379F}.Release|Any CPU.Build.0 = Release|Any CPU
		{70D65565-0CD4-4918-8688-9377AED7379F}.Release|Any CPU.Deploy.0 = Release|Any CPU
		{70D65565-0CD4-4918-8688-9377AED7379F}.winform|Any CPU.ActiveCfg = Release|Any CPU
		{70D65565-0CD4-4918-8688-9377AED7379F}.winform|Any CPU.Build.0 = Release|Any CPU
		{70D65565-0CD4-4918-8688-9377AED7379F}.winform|Any CPU.Deploy.0 = Release|Any CPU
		{B30B27E1-A673-4732-A9C2-0D1C9B747ABE}.Debug|Any CPU.ActiveCfg = Debug|Any CPU
		{B30B27E1-A673-4732-A9C2-0D1C9B747ABE}.Debug|Any CPU.Build.0 = Debug|Any CPU
		{B30B27E1-A673-4732-A9C2-0D1C9B747ABE}.program|Any CPU.ActiveCfg = Release|Any CPU
		{B30B27E1-A673-4732-A9C2-0D1C9B747ABE}.program|Any CPU.Build.0 = Release|Any CPU
		{B30B27E1-A673-4732-A9C2-0D1C9B747ABE}.Release|Any CPU.ActiveCfg = Release|Any CPU
		{B30B27E1-A673-4732-A9C2-0D1C9B747ABE}.Release|Any CPU.Build.0 = Release|Any CPU
		{B30B27E1-A673-4732-A9C2-0D1C9B747ABE}.winform|Any CPU.ActiveCfg = Release|Any CPU
		{B30B27E1-A673-4732-A9C2-0D1C9B747ABE}.winform|Any CPU.Build.0 = Release|Any CPU
		{BC0BFF9F-4875-46F3-953B-61E163D21BDC}.Debug|Any CPU.ActiveCfg = Debug|Any CPU
		{BC0BFF9F-4875-46F3-953B-61E163D21BDC}.Debug|Any CPU.Build.0 = Debug|Any CPU
		{BC0BFF9F-4875-46F3-953B-61E163D21BDC}.Debug|Any CPU.Deploy.0 = Debug|Any CPU
		{BC0BFF9F-4875-46F3-953B-61E163D21BDC}.program|Any CPU.ActiveCfg = Release|Any CPU
		{BC0BFF9F-4875-46F3-953B-61E163D21BDC}.program|Any CPU.Build.0 = Release|Any CPU
		{BC0BFF9F-4875-46F3-953B-61E163D21BDC}.program|Any CPU.Deploy.0 = Release|Any CPU
		{BC0BFF9F-4875-46F3-953B-61E163D21BDC}.Release|Any CPU.ActiveCfg = Release|Any CPU
		{BC0BFF9F-4875-46F3-953B-61E163D21BDC}.Release|Any CPU.Build.0 = Release|Any CPU
		{BC0BFF9F-4875-46F3-953B-61E163D21BDC}.Release|Any CPU.Deploy.0 = Release|Any CPU
		{BC0BFF9F-4875-46F3-953B-61E163D21BDC}.winform|Any CPU.ActiveCfg = Release|Any CPU
		{BC0BFF9F-4875-46F3-953B-61E163D21BDC}.winform|Any CPU.Build.0 = Release|Any CPU
		{BC0BFF9F-4875-46F3-953B-61E163D21BDC}.winform|Any CPU.Deploy.0 = Release|Any CPU
		{1E7C691C-87E0-4195-AAAB-4972E66DD1C2}.Debug|Any CPU.ActiveCfg = Debug|Any CPU
		{1E7C691C-87E0-4195-AAAB-4972E66DD1C2}.Debug|Any CPU.Build.0 = Debug|Any CPU
		{1E7C691C-87E0-4195-AAAB-4972E66DD1C2}.Debug|Any CPU.Deploy.0 = Debug|Any CPU
		{1E7C691C-87E0-4195-AAAB-4972E66DD1C2}.program|Any CPU.ActiveCfg = Release|Any CPU
		{1E7C691C-87E0-4195-AAAB-4972E66DD1C2}.program|Any CPU.Build.0 = Release|Any CPU
		{1E7C691C-87E0-4195-AAAB-4972E66DD1C2}.program|Any CPU.Deploy.0 = Release|Any CPU
		{1E7C691C-87E0-4195-AAAB-4972E66DD1C2}.Release|Any CPU.ActiveCfg = Release|Any CPU
		{1E7C691C-87E0-4195-AAAB-4972E66DD1C2}.Release|Any CPU.Build.0 = Release|Any CPU
		{1E7C691C-87E0-4195-AAAB-4972E66DD1C2}.Release|Any CPU.Deploy.0 = Release|Any CPU
		{1E7C691C-87E0-4195-AAAB-4972E66DD1C2}.winform|Any CPU.ActiveCfg = Release|Any CPU
		{1E7C691C-87E0-4195-AAAB-4972E66DD1C2}.winform|Any CPU.Build.0 = Release|Any CPU
		{1E7C691C-87E0-4195-AAAB-4972E66DD1C2}.winform|Any CPU.Deploy.0 = Release|Any CPU
		{BBC41611-8DE7-4142-925B-7F662BB64A32}.Debug|Any CPU.ActiveCfg = Debug|Any CPU
		{BBC41611-8DE7-4142-925B-7F662BB64A32}.Debug|Any CPU.Build.0 = Debug|Any CPU
		{BBC41611-8DE7-4142-925B-7F662BB64A32}.Debug|Any CPU.Deploy.0 = Debug|Any CPU
		{BBC41611-8DE7-4142-925B-7F662BB64A32}.program|Any CPU.ActiveCfg = Release|Any CPU
		{BBC41611-8DE7-4142-925B-7F662BB64A32}.program|Any CPU.Build.0 = Release|Any CPU
		{BBC41611-8DE7-4142-925B-7F662BB64A32}.program|Any CPU.Deploy.0 = Release|Any CPU
		{BBC41611-8DE7-4142-925B-7F662BB64A32}.Release|Any CPU.ActiveCfg = Release|Any CPU
		{BBC41611-8DE7-4142-925B-7F662BB64A32}.Release|Any CPU.Build.0 = Release|Any CPU
		{BBC41611-8DE7-4142-925B-7F662BB64A32}.Release|Any CPU.Deploy.0 = Release|Any CPU
		{BBC41611-8DE7-4142-925B-7F662BB64A32}.winform|Any CPU.ActiveCfg = Release|Any CPU
		{BBC41611-8DE7-4142-925B-7F662BB64A32}.winform|Any CPU.Build.0 = Release|Any CPU
		{BBC41611-8DE7-4142-925B-7F662BB64A32}.winform|Any CPU.Deploy.0 = Release|Any CPU
		{68C7BD40-712B-4E1D-A010-0B6C5E56F5F8}.Debug|Any CPU.ActiveCfg = Debug|Any CPU
		{68C7BD40-712B-4E1D-A010-0B6C5E56F5F8}.Debug|Any CPU.Build.0 = Debug|Any CPU
		{68C7BD40-712B-4E1D-A010-0B6C5E56F5F8}.program|Any CPU.ActiveCfg = Release|Any CPU
		{68C7BD40-712B-4E1D-A010-0B6C5E56F5F8}.program|Any CPU.Build.0 = Release|Any CPU
		{68C7BD40-712B-4E1D-A010-0B6C5E56F5F8}.Release|Any CPU.ActiveCfg = Release|Any CPU
		{68C7BD40-712B-4E1D-A010-0B6C5E56F5F8}.Release|Any CPU.Build.0 = Release|Any CPU
		{68C7BD40-712B-4E1D-A010-0B6C5E56F5F8}.winform|Any CPU.ActiveCfg = Release|Any CPU
		{68C7BD40-712B-4E1D-A010-0B6C5E56F5F8}.winform|Any CPU.Build.0 = Release|Any CPU
		{1948B469-4A78-419F-A870-CE9FA55C8F4D}.Debug|Any CPU.ActiveCfg = Debug|Any CPU
		{1948B469-4A78-419F-A870-CE9FA55C8F4D}.Debug|Any CPU.Build.0 = Debug|Any CPU
		{1948B469-4A78-419F-A870-CE9FA55C8F4D}.Debug|Any CPU.Deploy.0 = Debug|Any CPU
		{1948B469-4A78-419F-A870-CE9FA55C8F4D}.program|Any CPU.ActiveCfg = Release|Any CPU
		{1948B469-4A78-419F-A870-CE9FA55C8F4D}.program|Any CPU.Build.0 = Release|Any CPU
		{1948B469-4A78-419F-A870-CE9FA55C8F4D}.program|Any CPU.Deploy.0 = Release|Any CPU
		{1948B469-4A78-419F-A870-CE9FA55C8F4D}.Release|Any CPU.ActiveCfg = Release|Any CPU
		{1948B469-4A78-419F-A870-CE9FA55C8F4D}.Release|Any CPU.Build.0 = Release|Any CPU
		{1948B469-4A78-419F-A870-CE9FA55C8F4D}.Release|Any CPU.Deploy.0 = Release|Any CPU
		{1948B469-4A78-419F-A870-CE9FA55C8F4D}.winform|Any CPU.ActiveCfg = Release|Any CPU
		{1948B469-4A78-419F-A870-CE9FA55C8F4D}.winform|Any CPU.Build.0 = Release|Any CPU
		{1948B469-4A78-419F-A870-CE9FA55C8F4D}.winform|Any CPU.Deploy.0 = Release|Any CPU
		{BA774D84-EEBC-4801-9FBC-CFCB14D0CAD7}.Debug|Any CPU.ActiveCfg = Debug|Any CPU
		{BA774D84-EEBC-4801-9FBC-CFCB14D0CAD7}.Debug|Any CPU.Build.0 = Debug|Any CPU
		{BA774D84-EEBC-4801-9FBC-CFCB14D0CAD7}.Debug|Any CPU.Deploy.0 = Debug|Any CPU
		{BA774D84-EEBC-4801-9FBC-CFCB14D0CAD7}.program|Any CPU.ActiveCfg = Release|Any CPU
		{BA774D84-EEBC-4801-9FBC-CFCB14D0CAD7}.program|Any CPU.Build.0 = Release|Any CPU
		{BA774D84-EEBC-4801-9FBC-CFCB14D0CAD7}.program|Any CPU.Deploy.0 = Release|Any CPU
		{BA774D84-EEBC-4801-9FBC-CFCB14D0CAD7}.Release|Any CPU.ActiveCfg = Release|Any CPU
		{BA774D84-EEBC-4801-9FBC-CFCB14D0CAD7}.Release|Any CPU.Build.0 = Release|Any CPU
		{BA774D84-EEBC-4801-9FBC-CFCB14D0CAD7}.Release|Any CPU.Deploy.0 = Release|Any CPU
		{BA774D84-EEBC-4801-9FBC-CFCB14D0CAD7}.winform|Any CPU.ActiveCfg = Release|Any CPU
		{BA774D84-EEBC-4801-9FBC-CFCB14D0CAD7}.winform|Any CPU.Build.0 = Release|Any CPU
		{BA774D84-EEBC-4801-9FBC-CFCB14D0CAD7}.winform|Any CPU.Deploy.0 = Release|Any CPU
		{47797925-7DF4-488F-A961-C098E82C1E3E}.Debug|Any CPU.ActiveCfg = Debug|Any CPU
		{47797925-7DF4-488F-A961-C098E82C1E3E}.Debug|Any CPU.Build.0 = Debug|Any CPU
		{47797925-7DF4-488F-A961-C098E82C1E3E}.program|Any CPU.ActiveCfg = Release|Any CPU
		{47797925-7DF4-488F-A961-C098E82C1E3E}.program|Any CPU.Build.0 = Release|Any CPU
		{47797925-7DF4-488F-A961-C098E82C1E3E}.Release|Any CPU.ActiveCfg = Release|Any CPU
		{47797925-7DF4-488F-A961-C098E82C1E3E}.Release|Any CPU.Build.0 = Release|Any CPU
		{47797925-7DF4-488F-A961-C098E82C1E3E}.winform|Any CPU.ActiveCfg = Release|Any CPU
		{47797925-7DF4-488F-A961-C098E82C1E3E}.winform|Any CPU.Build.0 = Release|Any CPU
		{B97E28EE-C2F9-42EC-B873-4AEE29A2AEF2}.Debug|Any CPU.ActiveCfg = Debug|Any CPU
		{B97E28EE-C2F9-42EC-B873-4AEE29A2AEF2}.Debug|Any CPU.Build.0 = Debug|Any CPU
		{B97E28EE-C2F9-42EC-B873-4AEE29A2AEF2}.Debug|Any CPU.Deploy.0 = Debug|Any CPU
		{B97E28EE-C2F9-42EC-B873-4AEE29A2AEF2}.program|Any CPU.ActiveCfg = Release|Any CPU
		{B97E28EE-C2F9-42EC-B873-4AEE29A2AEF2}.program|Any CPU.Build.0 = Release|Any CPU
		{B97E28EE-C2F9-42EC-B873-4AEE29A2AEF2}.program|Any CPU.Deploy.0 = Release|Any CPU
		{B97E28EE-C2F9-42EC-B873-4AEE29A2AEF2}.Release|Any CPU.ActiveCfg = Release|Any CPU
		{B97E28EE-C2F9-42EC-B873-4AEE29A2AEF2}.Release|Any CPU.Build.0 = Release|Any CPU
		{B97E28EE-C2F9-42EC-B873-4AEE29A2AEF2}.Release|Any CPU.Deploy.0 = Release|Any CPU
		{B97E28EE-C2F9-42EC-B873-4AEE29A2AEF2}.winform|Any CPU.ActiveCfg = Release|Any CPU
		{B97E28EE-C2F9-42EC-B873-4AEE29A2AEF2}.winform|Any CPU.Build.0 = Release|Any CPU
		{B97E28EE-C2F9-42EC-B873-4AEE29A2AEF2}.winform|Any CPU.Deploy.0 = Release|Any CPU
		{8A6B6501-D584-4F8E-B33D-AD4DA8CFF469}.Debug|Any CPU.ActiveCfg = Debug|Any CPU
		{8A6B6501-D584-4F8E-B33D-AD4DA8CFF469}.Debug|Any CPU.Build.0 = Debug|Any CPU
		{8A6B6501-D584-4F8E-B33D-AD4DA8CFF469}.Debug|Any CPU.Deploy.0 = Debug|Any CPU
		{8A6B6501-D584-4F8E-B33D-AD4DA8CFF469}.program|Any CPU.ActiveCfg = Release|Any CPU
		{8A6B6501-D584-4F8E-B33D-AD4DA8CFF469}.program|Any CPU.Build.0 = Release|Any CPU
		{8A6B6501-D584-4F8E-B33D-AD4DA8CFF469}.program|Any CPU.Deploy.0 = Release|Any CPU
		{8A6B6501-D584-4F8E-B33D-AD4DA8CFF469}.Release|Any CPU.ActiveCfg = Release|Any CPU
		{8A6B6501-D584-4F8E-B33D-AD4DA8CFF469}.Release|Any CPU.Build.0 = Release|Any CPU
		{8A6B6501-D584-4F8E-B33D-AD4DA8CFF469}.Release|Any CPU.Deploy.0 = Release|Any CPU
		{8A6B6501-D584-4F8E-B33D-AD4DA8CFF469}.winform|Any CPU.ActiveCfg = Release|Any CPU
		{8A6B6501-D584-4F8E-B33D-AD4DA8CFF469}.winform|Any CPU.Build.0 = Release|Any CPU
		{8A6B6501-D584-4F8E-B33D-AD4DA8CFF469}.winform|Any CPU.Deploy.0 = Release|Any CPU
		{5D492B00-4884-4B58-B36A-3D90BBA6C949}.Debug|Any CPU.ActiveCfg = Debug|Any CPU
		{5D492B00-4884-4B58-B36A-3D90BBA6C949}.Debug|Any CPU.Build.0 = Debug|Any CPU
		{5D492B00-4884-4B58-B36A-3D90BBA6C949}.Debug|Any CPU.Deploy.0 = Debug|Any CPU
		{5D492B00-4884-4B58-B36A-3D90BBA6C949}.program|Any CPU.ActiveCfg = Release|Any CPU
		{5D492B00-4884-4B58-B36A-3D90BBA6C949}.program|Any CPU.Build.0 = Release|Any CPU
		{5D492B00-4884-4B58-B36A-3D90BBA6C949}.program|Any CPU.Deploy.0 = Release|Any CPU
		{5D492B00-4884-4B58-B36A-3D90BBA6C949}.Release|Any CPU.ActiveCfg = Release|Any CPU
		{5D492B00-4884-4B58-B36A-3D90BBA6C949}.Release|Any CPU.Build.0 = Release|Any CPU
		{5D492B00-4884-4B58-B36A-3D90BBA6C949}.Release|Any CPU.Deploy.0 = Release|Any CPU
		{5D492B00-4884-4B58-B36A-3D90BBA6C949}.winform|Any CPU.ActiveCfg = Release|Any CPU
		{5D492B00-4884-4B58-B36A-3D90BBA6C949}.winform|Any CPU.Build.0 = Release|Any CPU
		{5D492B00-4884-4B58-B36A-3D90BBA6C949}.winform|Any CPU.Deploy.0 = Release|Any CPU
		{08D62B51-5C51-4964-B6FA-D4C567D3DF5D}.Debug|Any CPU.ActiveCfg = Debug|Any CPU
		{08D62B51-5C51-4964-B6FA-D4C567D3DF5D}.Debug|Any CPU.Build.0 = Debug|Any CPU
		{08D62B51-5C51-4964-B6FA-D4C567D3DF5D}.Debug|Any CPU.Deploy.0 = Debug|Any CPU
		{08D62B51-5C51-4964-B6FA-D4C567D3DF5D}.program|Any CPU.ActiveCfg = Release|Any CPU
		{08D62B51-5C51-4964-B6FA-D4C567D3DF5D}.program|Any CPU.Build.0 = Release|Any CPU
		{08D62B51-5C51-4964-B6FA-D4C567D3DF5D}.program|Any CPU.Deploy.0 = Release|Any CPU
		{08D62B51-5C51-4964-B6FA-D4C567D3DF5D}.Release|Any CPU.ActiveCfg = Release|Any CPU
		{08D62B51-5C51-4964-B6FA-D4C567D3DF5D}.Release|Any CPU.Build.0 = Release|Any CPU
		{08D62B51-5C51-4964-B6FA-D4C567D3DF5D}.Release|Any CPU.Deploy.0 = Release|Any CPU
		{08D62B51-5C51-4964-B6FA-D4C567D3DF5D}.winform|Any CPU.ActiveCfg = Release|Any CPU
		{08D62B51-5C51-4964-B6FA-D4C567D3DF5D}.winform|Any CPU.Build.0 = Release|Any CPU
		{08D62B51-5C51-4964-B6FA-D4C567D3DF5D}.winform|Any CPU.Deploy.0 = Release|Any CPU
		{983173BA-0EA8-4A2A-8003-A352B4FBCCEA}.Debug|Any CPU.ActiveCfg = Debug|Any CPU
		{983173BA-0EA8-4A2A-8003-A352B4FBCCEA}.Debug|Any CPU.Build.0 = Debug|Any CPU
		{983173BA-0EA8-4A2A-8003-A352B4FBCCEA}.Debug|Any CPU.Deploy.0 = Debug|Any CPU
		{983173BA-0EA8-4A2A-8003-A352B4FBCCEA}.program|Any CPU.ActiveCfg = Release|Any CPU
		{983173BA-0EA8-4A2A-8003-A352B4FBCCEA}.program|Any CPU.Build.0 = Release|Any CPU
		{983173BA-0EA8-4A2A-8003-A352B4FBCCEA}.program|Any CPU.Deploy.0 = Release|Any CPU
		{983173BA-0EA8-4A2A-8003-A352B4FBCCEA}.Release|Any CPU.ActiveCfg = Release|Any CPU
		{983173BA-0EA8-4A2A-8003-A352B4FBCCEA}.Release|Any CPU.Build.0 = Release|Any CPU
		{983173BA-0EA8-4A2A-8003-A352B4FBCCEA}.Release|Any CPU.Deploy.0 = Release|Any CPU
		{983173BA-0EA8-4A2A-8003-A352B4FBCCEA}.winform|Any CPU.ActiveCfg = Release|Any CPU
		{983173BA-0EA8-4A2A-8003-A352B4FBCCEA}.winform|Any CPU.Build.0 = Release|Any CPU
		{983173BA-0EA8-4A2A-8003-A352B4FBCCEA}.winform|Any CPU.Deploy.0 = Release|Any CPU
		{E2A4F247-1093-456E-8861-E4EB23D86AC7}.Debug|Any CPU.ActiveCfg = Debug|Any CPU
		{E2A4F247-1093-456E-8861-E4EB23D86AC7}.Debug|Any CPU.Build.0 = Debug|Any CPU
		{E2A4F247-1093-456E-8861-E4EB23D86AC7}.program|Any CPU.ActiveCfg = Release|Any CPU
		{E2A4F247-1093-456E-8861-E4EB23D86AC7}.program|Any CPU.Build.0 = Release|Any CPU
		{E2A4F247-1093-456E-8861-E4EB23D86AC7}.Release|Any CPU.ActiveCfg = Release|Any CPU
		{E2A4F247-1093-456E-8861-E4EB23D86AC7}.Release|Any CPU.Build.0 = Release|Any CPU
		{E2A4F247-1093-456E-8861-E4EB23D86AC7}.winform|Any CPU.ActiveCfg = Release|Any CPU
		{E2A4F247-1093-456E-8861-E4EB23D86AC7}.winform|Any CPU.Build.0 = Release|Any CPU
		{3296337C-2C97-491E-8FA4-6BB92EF41403}.Debug|Any CPU.ActiveCfg = Debug|Any CPU
		{3296337C-2C97-491E-8FA4-6BB92EF41403}.Debug|Any CPU.Build.0 = Debug|Any CPU
		{3296337C-2C97-491E-8FA4-6BB92EF41403}.Debug|Any CPU.Deploy.0 = Debug|Any CPU
		{3296337C-2C97-491E-8FA4-6BB92EF41403}.program|Any CPU.ActiveCfg = Release|Any CPU
		{3296337C-2C97-491E-8FA4-6BB92EF41403}.program|Any CPU.Build.0 = Release|Any CPU
		{3296337C-2C97-491E-8FA4-6BB92EF41403}.program|Any CPU.Deploy.0 = Release|Any CPU
		{3296337C-2C97-491E-8FA4-6BB92EF41403}.Release|Any CPU.ActiveCfg = Release|Any CPU
		{3296337C-2C97-491E-8FA4-6BB92EF41403}.Release|Any CPU.Build.0 = Release|Any CPU
		{3296337C-2C97-491E-8FA4-6BB92EF41403}.Release|Any CPU.Deploy.0 = Release|Any CPU
		{3296337C-2C97-491E-8FA4-6BB92EF41403}.winform|Any CPU.ActiveCfg = Release|Any CPU
		{3296337C-2C97-491E-8FA4-6BB92EF41403}.winform|Any CPU.Build.0 = Release|Any CPU
		{3296337C-2C97-491E-8FA4-6BB92EF41403}.winform|Any CPU.Deploy.0 = Release|Any CPU
		{C6E01CF9-D40B-4340-9DB0-A83E469B9ED7}.Debug|Any CPU.ActiveCfg = Debug|Any CPU
		{C6E01CF9-D40B-4340-9DB0-A83E469B9ED7}.Debug|Any CPU.Build.0 = Debug|Any CPU
		{C6E01CF9-D40B-4340-9DB0-A83E469B9ED7}.Debug|Any CPU.Deploy.0 = Debug|Any CPU
		{C6E01CF9-D40B-4340-9DB0-A83E469B9ED7}.program|Any CPU.ActiveCfg = Release|Any CPU
		{C6E01CF9-D40B-4340-9DB0-A83E469B9ED7}.program|Any CPU.Build.0 = Release|Any CPU
		{C6E01CF9-D40B-4340-9DB0-A83E469B9ED7}.program|Any CPU.Deploy.0 = Release|Any CPU
		{C6E01CF9-D40B-4340-9DB0-A83E469B9ED7}.Release|Any CPU.ActiveCfg = Release|Any CPU
		{C6E01CF9-D40B-4340-9DB0-A83E469B9ED7}.Release|Any CPU.Build.0 = Release|Any CPU
		{C6E01CF9-D40B-4340-9DB0-A83E469B9ED7}.Release|Any CPU.Deploy.0 = Release|Any CPU
		{C6E01CF9-D40B-4340-9DB0-A83E469B9ED7}.winform|Any CPU.ActiveCfg = Release|Any CPU
		{C6E01CF9-D40B-4340-9DB0-A83E469B9ED7}.winform|Any CPU.Build.0 = Release|Any CPU
		{C6E01CF9-D40B-4340-9DB0-A83E469B9ED7}.winform|Any CPU.Deploy.0 = Release|Any CPU
		{369CA13E-04BC-4526-A99B-5358541BE7A2}.Debug|Any CPU.ActiveCfg = Debug|Any CPU
		{369CA13E-04BC-4526-A99B-5358541BE7A2}.Debug|Any CPU.Build.0 = Debug|Any CPU
		{369CA13E-04BC-4526-A99B-5358541BE7A2}.Debug|Any CPU.Deploy.0 = Debug|Any CPU
		{369CA13E-04BC-4526-A99B-5358541BE7A2}.program|Any CPU.ActiveCfg = program|Any CPU
		{369CA13E-04BC-4526-A99B-5358541BE7A2}.program|Any CPU.Build.0 = program|Any CPU
		{369CA13E-04BC-4526-A99B-5358541BE7A2}.program|Any CPU.Deploy.0 = program|Any CPU
		{369CA13E-04BC-4526-A99B-5358541BE7A2}.Release|Any CPU.ActiveCfg = Release|Any CPU
		{369CA13E-04BC-4526-A99B-5358541BE7A2}.Release|Any CPU.Build.0 = Release|Any CPU
		{369CA13E-04BC-4526-A99B-5358541BE7A2}.Release|Any CPU.Deploy.0 = Release|Any CPU
		{369CA13E-04BC-4526-A99B-5358541BE7A2}.winform|Any CPU.ActiveCfg = winform|Any CPU
		{369CA13E-04BC-4526-A99B-5358541BE7A2}.winform|Any CPU.Build.0 = winform|Any CPU
		{369CA13E-04BC-4526-A99B-5358541BE7A2}.winform|Any CPU.Deploy.0 = winform|Any CPU
		{E44A8681-5282-427A-95B3-4838AE2BDC87}.Debug|Any CPU.ActiveCfg = Debug|Any CPU
		{E44A8681-5282-427A-95B3-4838AE2BDC87}.Debug|Any CPU.Build.0 = Debug|Any CPU
		{E44A8681-5282-427A-95B3-4838AE2BDC87}.Debug|Any CPU.Deploy.0 = Debug|Any CPU
		{E44A8681-5282-427A-95B3-4838AE2BDC87}.program|Any CPU.ActiveCfg = Release|Any CPU
		{E44A8681-5282-427A-95B3-4838AE2BDC87}.program|Any CPU.Build.0 = Release|Any CPU
		{E44A8681-5282-427A-95B3-4838AE2BDC87}.program|Any CPU.Deploy.0 = Release|Any CPU
		{E44A8681-5282-427A-95B3-4838AE2BDC87}.Release|Any CPU.ActiveCfg = Release|Any CPU
		{E44A8681-5282-427A-95B3-4838AE2BDC87}.Release|Any CPU.Build.0 = Release|Any CPU
		{E44A8681-5282-427A-95B3-4838AE2BDC87}.Release|Any CPU.Deploy.0 = Release|Any CPU
		{E44A8681-5282-427A-95B3-4838AE2BDC87}.winform|Any CPU.ActiveCfg = Release|Any CPU
		{E44A8681-5282-427A-95B3-4838AE2BDC87}.winform|Any CPU.Build.0 = Release|Any CPU
		{E44A8681-5282-427A-95B3-4838AE2BDC87}.winform|Any CPU.Deploy.0 = Release|Any CPU
		{3A25A4BA-B495-464D-B9E5-B21C112C4CF8}.Debug|Any CPU.ActiveCfg = Debug|Any CPU
		{3A25A4BA-B495-464D-B9E5-B21C112C4CF8}.Debug|Any CPU.Build.0 = Debug|Any CPU
		{3A25A4BA-B495-464D-B9E5-B21C112C4CF8}.program|Any CPU.ActiveCfg = Release|Any CPU
		{3A25A4BA-B495-464D-B9E5-B21C112C4CF8}.program|Any CPU.Build.0 = Release|Any CPU
		{3A25A4BA-B495-464D-B9E5-B21C112C4CF8}.Release|Any CPU.ActiveCfg = Release|Any CPU
		{3A25A4BA-B495-464D-B9E5-B21C112C4CF8}.Release|Any CPU.Build.0 = Release|Any CPU
		{3A25A4BA-B495-464D-B9E5-B21C112C4CF8}.winform|Any CPU.ActiveCfg = Release|Any CPU
		{3A25A4BA-B495-464D-B9E5-B21C112C4CF8}.winform|Any CPU.Build.0 = Release|Any CPU
		{F2D3038D-B2C5-4D9A-B1E9-AA063AC1B274}.Debug|Any CPU.ActiveCfg = Debug|Any CPU
		{F2D3038D-B2C5-4D9A-B1E9-AA063AC1B274}.Debug|Any CPU.Build.0 = Debug|Any CPU
		{F2D3038D-B2C5-4D9A-B1E9-AA063AC1B274}.Debug|Any CPU.Deploy.0 = Debug|Any CPU
		{F2D3038D-B2C5-4D9A-B1E9-AA063AC1B274}.program|Any CPU.ActiveCfg = Release|Any CPU
		{F2D3038D-B2C5-4D9A-B1E9-AA063AC1B274}.program|Any CPU.Build.0 = Release|Any CPU
		{F2D3038D-B2C5-4D9A-B1E9-AA063AC1B274}.program|Any CPU.Deploy.0 = Release|Any CPU
		{F2D3038D-B2C5-4D9A-B1E9-AA063AC1B274}.Release|Any CPU.ActiveCfg = Release|Any CPU
		{F2D3038D-B2C5-4D9A-B1E9-AA063AC1B274}.Release|Any CPU.Build.0 = Release|Any CPU
		{F2D3038D-B2C5-4D9A-B1E9-AA063AC1B274}.Release|Any CPU.Deploy.0 = Release|Any CPU
		{F2D3038D-B2C5-4D9A-B1E9-AA063AC1B274}.winform|Any CPU.ActiveCfg = Release|Any CPU
		{F2D3038D-B2C5-4D9A-B1E9-AA063AC1B274}.winform|Any CPU.Build.0 = Release|Any CPU
		{F2D3038D-B2C5-4D9A-B1E9-AA063AC1B274}.winform|Any CPU.Deploy.0 = Release|Any CPU
		{F1D840E3-2034-4241-82D0-2D1F6EFBAB19}.Debug|Any CPU.ActiveCfg = Debug|Any CPU
		{F1D840E3-2034-4241-82D0-2D1F6EFBAB19}.Debug|Any CPU.Build.0 = Debug|Any CPU
		{F1D840E3-2034-4241-82D0-2D1F6EFBAB19}.program|Any CPU.ActiveCfg = Release|Any CPU
		{F1D840E3-2034-4241-82D0-2D1F6EFBAB19}.program|Any CPU.Build.0 = Release|Any CPU
		{F1D840E3-2034-4241-82D0-2D1F6EFBAB19}.Release|Any CPU.ActiveCfg = Release|Any CPU
		{F1D840E3-2034-4241-82D0-2D1F6EFBAB19}.Release|Any CPU.Build.0 = Release|Any CPU
		{F1D840E3-2034-4241-82D0-2D1F6EFBAB19}.winform|Any CPU.ActiveCfg = Release|Any CPU
		{F1D840E3-2034-4241-82D0-2D1F6EFBAB19}.winform|Any CPU.Build.0 = Release|Any CPU
	EndGlobalSection
	GlobalSection(SolutionProperties) = preSolution
		HideSolutionNode = FALSE
	EndGlobalSection
	GlobalSection(TeamFoundationVersionControl) = preSolution
		SccNumberOfProjects = 24
		SccEnterpriseProvider = {4CA58AB2-18FA-4F8D-95D4-32DDF27D184C}
		SccTeamFoundationServer = http://202.118.11.188:8080/tfs/defaultcollection
		SccLocalPath0 = .
		SccProjectUniqueName1 = VALibrary\\VALibrary.csproj
		SccProjectName1 = VALibrary
		SccLocalPath1 = VALibrary
		SccProjectUniqueName2 = WorksShow\\WorksShow.csproj
		SccProjectName2 = WorksShow
		SccLocalPath2 = WorksShow
		SccProjectUniqueName3 = VAWcfService\\VAWcfService.csproj
		SccProjectName3 = VAWcfService
		SccLocalPath3 = VAWcfService
		SccProjectUniqueName4 = VAWebParts\\VAWebParts.csproj
		SccProjectName4 = VAWebParts
		SccLocalPath4 = VAWebParts
		SccProjectUniqueName5 = SPBranding\\SPBranding.csproj
		SccProjectName5 = SPBranding
		SccLocalPath5 = SPBranding
		SccProjectUniqueName6 = VAKPI\\VAKPI.csproj
		SccProjectName6 = VAKPI
		SccLocalPath6 = VAKPI
		SccProjectUniqueName7 = WebPartDll\\WebPartDll.csproj
		SccProjectName7 = WebPartDll
		SccLocalPath7 = WebPartDll
		SccProjectUniqueName8 = VAListTree\\VAListTree.csproj
		SccProjectName8 = VAListTree
		SccLocalPath8 = VAListTree
		SccProjectUniqueName9 = CustListEvent\\CustListEvent.csproj
		SccProjectName9 = CustListEvent
		SccLocalPath9 = CustListEvent
		SccProjectUniqueName10 = SendEmailByTask\\SendEmailByTask.csproj
		SccProjectName10 = SendEmailByTask
		SccLocalPath10 = SendEmailByTask
		SccProjectUniqueName11 = MyTasks\\MyTasks.csproj
		SccProjectName11 = MyTasks
		SccLocalPath11 = MyTasks
		SccProjectUniqueName12 = PlantoActivity\\PlantoActivity.csproj
		SccProjectName12 = PlantoActivity
		SccLocalPath12 = PlantoActivity
		SccProjectUniqueName13 = PowerPA\\PowerPA.csproj
		SccProjectName13 = PowerPA
		SccLocalPath13 = PowerPA
		SccProjectUniqueName14 = CustomerCurrentUserField\\CustomCurrentUserField.csproj
		SccProjectName14 = CustomerCurrentUserField
		SccLocalPath14 = CustomerCurrentUserField
		SccProjectUniqueName15 = GetUserDept\\GetUserDept.csproj
		SccProjectName15 = GetUserDept
		SccLocalPath15 = GetUserDept
		SccProjectUniqueName16 = WorksShowDll\\WorksShowDll.csproj
		SccProjectName16 = WorksShowDll
		SccLocalPath16 = WorksShowDll
		SccProjectUniqueName17 = VADocumentOnline\\VADocumentOnline.csproj
		SccProjectName17 = VADocumentOnline
		SccLocalPath17 = VADocumentOnline
		SccProjectUniqueName18 = LNMCM\\LNMCM.csproj
		SccProjectName18 = LNMCM
		SccLocalPath18 = LNMCM
		SccProjectUniqueName19 = SpWebpart\\SpWebpart.csproj
		SccProjectName19 = SpWebpart
		SccLocalPath19 = SpWebpart
		SccProjectUniqueName20 = SPCustomNav\\SPCustomNav.csproj
		SccProjectName20 = SPCustomNav
		SccLocalPath20 = SPCustomNav
		SccProjectUniqueName21 = VSDLL\\VSDLL.csproj
		SccProjectName21 = VSDLL
		SccLocalPath21 = VSDLL
		SccProjectUniqueName22 = VSProject\\VSProject.csproj
		SccProjectName22 = VSProject
		SccLocalPath22 = VSProject
		SccProjectUniqueName23 = CaculateActionProbability\\CaculateActionProbability.csproj
		SccProjectName23 = CaculateActionProbability
		SccLocalPath23 = CaculateActionProbability
	EndGlobalSection
EndGlobal
